
Microsoft Visual Studio Solution File, Format Version 12.00
# Visual Studio Version 17
VisualStudioVersion = 17.5.33530.505
MinimumVisualStudioVersion = 10.0.40219.1
Project("{9A19103F-16F7-4668-BE54-9A1E7A4F7556}") = "Dungeon", "Dungeon\Dungeon.csproj", "{B906C011-017D-423B-BD3C-F1E250DC051D}"
EndProject
Project("{9A19103F-16F7-4668-BE54-9A1E7A4F7556}") = "DungeonLibrary", "Block2LabLibrary\DungeonLibrary.csproj", "{A2AC863E-01C9-44A0-A5FE-13811EC1A38B}"
EndProject
Project("{FAE04EC0-301F-11D3-BF4B-00C04F79EFBC}") = "DungeonTest", "DungeonTest\DungeonTest.csproj", "{E884AE0A-5935-4778-BA93-09BD45A66F9A}"
EndProject
Global
	GlobalSection(SolutionConfigurationPlatforms) = preSolution
		Debug|Any CPU = Debug|Any CPU
		Release|Any CPU = Release|Any CPU
	EndGlobalSection
	GlobalSection(ProjectConfigurationPlatforms) = postSolution
		{B906C011-017D-423B-BD3C-F1E250DC051D}.Debug|Any CPU.ActiveCfg = Debug|Any CPU
		{B906C011-017D-423B-BD3C-F1E250DC051D}.Debug|Any CPU.Build.0 = Debug|Any CPU
		{B906C011-017D-423B-BD3C-F1E250DC051D}.Release|Any CPU.ActiveCfg = Release|Any CPU
		{B906C011-017D-423B-BD3C-F1E250DC051D}.Release|Any CPU.Build.0 = Release|Any CPU
		{A2AC863E-01C9-44A0-A5FE-13811EC1A38B}.Debug|Any CPU.ActiveCfg = Debug|Any CPU
		{A2AC863E-01C9-44A0-A5FE-13811EC1A38B}.Debug|Any CPU.Build.0 = Debug|Any CPU
		{A2AC863E-01C9-44A0-A5FE-13811EC1A38B}.Release|Any CPU.ActiveCfg = Release|Any CPU
		{A2AC863E-01C9-44A0-A5FE-13811EC1A38B}.Release|Any CPU.Build.0 = Release|Any CPU
		{E884AE0A-5935-4778-BA93-09BD45A66F9A}.Debug|Any CPU.ActiveCfg = Debug|Any CPU
		{E884AE0A-5935-4778-BA93-09BD45A66F9A}.Debug|Any CPU.Build.0 = Debug|Any CPU
		{E884AE0A-5935-4778-BA93-09BD45A66F9A}.Release|Any CPU.ActiveCfg = Release|Any CPU
		{E884AE0A-5935-4778-BA93-09BD45A66F9A}.Release|Any CPU.Build.0 = Release|Any CPU
	EndGlobalSection
	GlobalSection(SolutionProperties) = preSolution
		HideSolutionNode = FALSE
	EndGlobalSection
	GlobalSection(ExtensibilityGlobals) = postSolution
		SolutionGuid = {23B1A9D9-C841-40A8-9E11-C1F319569AD0}
	EndGlobalSection
EndGlobal
